
Microsoft Visual Studio Solution File, Format Version 12.00
# Visual Studio Version 17
VisualStudioVersion = 17.13.35825.156 d17.13
MinimumVisualStudioVersion = 10.0.40219.1
Project("{FAE04EC0-301F-11D3-BF4B-00C04F79EFBC}") = "ExploringSQLServerBackupTypes", "ExploringSQLServerBackupTypes.csproj", "{839EE5EC-22CE-41BD-B3DC-16E629A28E21}"
EndProject
Global
	GlobalSection(SolutionConfigurationPlatforms) = preSolution
		Debug|Any CPU = Debug|Any CPU
		Release|Any CPU = Release|Any CPU
	EndGlobalSection
	GlobalSection(ProjectConfigurationPlatforms) = postSolution
		{839EE5EC-22CE-41BD-B3DC-16E629A28E21}.Debug|Any CPU.ActiveCfg = Debug|Any CPU
		{839EE5EC-22CE-41BD-B3DC-16E629A28E21}.Debug|Any CPU.Build.0 = Debug|Any CPU
		{839EE5EC-22CE-41BD-B3DC-16E629A28E21}.Release|Any CPU.ActiveCfg = Release|Any CPU
		{839EE5EC-22CE-41BD-B3DC-16E629A28E21}.Release|Any CPU.Build.0 = Release|Any CPU
	EndGlobalSection
	GlobalSection(SolutionProperties) = preSolution
		HideSolutionNode = FALSE
	EndGlobalSection
	GlobalSection(ExtensibilityGlobals) = postSolution
		SolutionGuid = {091B1EE9-D996-4558-B072-49E15809D626}
	EndGlobalSection
EndGlobal
